// !$*UTF8*$!
{
	archiveVersion = 1;
	classes = {
	};
	objectVersion = 46;
	objects = {

/* Begin PBXBuildFile section */
		1C05AE2E1D7FF6BA00A80984 /* qrcodelogo.png in Resources */ = {isa = PBXBuildFile; fileRef = 1C05AE2D1D7FF6BA00A80984 /* qrcodelogo.png */; };
		1C1E95261D7E8BF500C71655 /* AppDelegate.swift in Sources */ = {isa = PBXBuildFile; fileRef = 1C1E95251D7E8BF500C71655 /* AppDelegate.swift */; };
		1C1E95281D7E8BF500C71655 /* ViewController.swift in Sources */ = {isa = PBXBuildFile; fileRef = 1C1E95271D7E8BF500C71655 /* ViewController.swift */; };
		1C1E952B1D7E8BF500C71655 /* Main.storyboard in Resources */ = {isa = PBXBuildFile; fileRef = 1C1E95291D7E8BF500C71655 /* Main.storyboard */; };
		1C1E952D1D7E8BF500C71655 /* Assets.xcassets in Resources */ = {isa = PBXBuildFile; fileRef = 1C1E952C1D7E8BF500C71655 /* Assets.xcassets */; };
		1C1E95301D7E8BF500C71655 /* LaunchScreen.storyboard in Resources */ = {isa = PBXBuildFile; fileRef = 1C1E952E1D7E8BF500C71655 /* LaunchScreen.storyboard */; };
		1C29FB151E2629E6007A90AE /* SYQRCodeSwift.bundle in Resources */ = {isa = PBXBuildFile; fileRef = 1C29FB141E2629E6007A90AE /* SYQRCodeSwift.bundle */; };
		1CEAF6581E1F3EEE00683F00 /* SYAVCaptureVideoPreviewLayer.swift in Sources */ = {isa = PBXBuildFile; fileRef = 1CEAF64E1E1F3EEE00683F00 /* SYAVCaptureVideoPreviewLayer.swift */; };
		1CEAF6591E1F3EEE00683F00 /* SYDefinesHeader.swift in Sources */ = {isa = PBXBuildFile; fileRef = 1CEAF64F1E1F3EEE00683F00 /* SYDefinesHeader.swift */; };
		1CEAF65A1E1F3EEE00683F00 /* SYQRCodeModel.swift in Sources */ = {isa = PBXBuildFile; fileRef = 1CEAF6501E1F3EEE00683F00 /* SYQRCodeModel.swift */; };
		1CEAF65B1E1F3EEE00683F00 /* SYQRCodeOverlayView.swift in Sources */ = {isa = PBXBuildFile; fileRef = 1CEAF6511E1F3EEE00683F00 /* SYQRCodeOverlayView.swift */; };
		1CEAF65C1E1F3EEE00683F00 /* SYQRCodeReader.swift in Sources */ = {isa = PBXBuildFile; fileRef = 1CEAF6521E1F3EEE00683F00 /* SYQRCodeReader.swift */; };
		1CEAF65D1E1F3EEE00683F00 /* SYQRCodeUtility.swift in Sources */ = {isa = PBXBuildFile; fileRef = 1CEAF6531E1F3EEE00683F00 /* SYQRCodeUtility.swift */; };
/* End PBXBuildFile section */

/* Begin PBXFileReference section */
		1C05AE2D1D7FF6BA00A80984 /* qrcodelogo.png */ = {isa = PBXFileReference; lastKnownFileType = image.png; path = qrcodelogo.png; sourceTree = "<group>"; };
		1C1E95221D7E8BF500C71655 /* SYQRCodeDemoSwift.app */ = {isa = PBXFileReference; explicitFileType = wrapper.application; includeInIndex = 0; path = SYQRCodeDemoSwift.app; sourceTree = BUILT_PRODUCTS_DIR; };
		1C1E95251D7E8BF500C71655 /* AppDelegate.swift */ = {isa = PBXFileReference; lastKnownFileType = sourcecode.swift; path = AppDelegate.swift; sourceTree = "<group>"; };
		1C1E95271D7E8BF500C71655 /* ViewController.swift */ = {isa = PBXFileReference; lastKnownFileType = sourcecode.swift; path = ViewController.swift; sourceTree = "<group>"; };
		1C1E952A1D7E8BF500C71655 /* Base */ = {isa = PBXFileReference; lastKnownFileType = file.storyboard; name = Base; path = Base.lproj/Main.storyboard; sourceTree = "<group>"; };
		1C1E952C1D7E8BF500C71655 /* Assets.xcassets */ = {isa = PBXFileReference; lastKnownFileType = folder.assetcatalog; path = Assets.xcassets; sourceTree = "<group>"; };
		1C1E952F1D7E8BF500C71655 /* Base */ = {isa = PBXFileReference; lastKnownFileType = file.storyboard; name = Base; path = Base.lproj/LaunchScreen.storyboard; sourceTree = "<group>"; };
		1C1E95311D7E8BF500C71655 /* Info.plist */ = {isa = PBXFileReference; lastKnownFileType = text.plist.xml; path = Info.plist; sourceTree = "<group>"; };
		1C29FB141E2629E6007A90AE /* SYQRCodeSwift.bundle */ = {isa = PBXFileReference; lastKnownFileType = "wrapper.plug-in"; path = SYQRCodeSwift.bundle; sourceTree = "<group>"; };
		1CEAF64E1E1F3EEE00683F00 /* SYAVCaptureVideoPreviewLayer.swift */ = {isa = PBXFileReference; fileEncoding = 4; lastKnownFileType = sourcecode.swift; path = SYAVCaptureVideoPreviewLayer.swift; sourceTree = "<group>"; };
		1CEAF64F1E1F3EEE00683F00 /* SYDefinesHeader.swift */ = {isa = PBXFileReference; fileEncoding = 4; lastKnownFileType = sourcecode.swift; path = SYDefinesHeader.swift; sourceTree = "<group>"; };
		1CEAF6501E1F3EEE00683F00 /* SYQRCodeModel.swift */ = {isa = PBXFileReference; fileEncoding = 4; lastKnownFileType = sourcecode.swift; path = SYQRCodeModel.swift; sourceTree = "<group>"; };
		1CEAF6511E1F3EEE00683F00 /* SYQRCodeOverlayView.swift */ = {isa = PBXFileReference; fileEncoding = 4; lastKnownFileType = sourcecode.swift; path = SYQRCodeOverlayView.swift; sourceTree = "<group>"; };
		1CEAF6521E1F3EEE00683F00 /* SYQRCodeReader.swift */ = {isa = PBXFileReference; fileEncoding = 4; lastKnownFileType = sourcecode.swift; path = SYQRCodeReader.swift; sourceTree = "<group>"; };
		1CEAF6531E1F3EEE00683F00 /* SYQRCodeUtility.swift */ = {isa = PBXFileReference; fileEncoding = 4; lastKnownFileType = sourcecode.swift; path = SYQRCodeUtility.swift; sourceTree = "<group>"; };
/* End PBXFileReference section */

/* Begin PBXFrameworksBuildPhase section */
		1C1E951F1D7E8BF500C71655 /* Frameworks */ = {
			isa = PBXFrameworksBuildPhase;
			buildActionMask = 2147483647;
			files = (
			);
			runOnlyForDeploymentPostprocessing = 0;
		};
/* End PBXFrameworksBuildPhase section */

/* Begin PBXGroup section */
		1C1E95191D7E8BF500C71655 = {
			isa = PBXGroup;
			children = (
				1CEAF6491E1F3EEE00683F00 /* SYQRCodeSwift */,
				1C1E95241D7E8BF500C71655 /* SYQRCodeDemoSwift */,
				1C1E95231D7E8BF500C71655 /* Products */,
			);
			sourceTree = "<group>";
		};
		1C1E95231D7E8BF500C71655 /* Products */ = {
			isa = PBXGroup;
			children = (
				1C1E95221D7E8BF500C71655 /* SYQRCodeDemoSwift.app */,
			);
			name = Products;
			sourceTree = "<group>";
		};
		1C1E95241D7E8BF500C71655 /* SYQRCodeDemoSwift */ = {
			isa = PBXGroup;
			children = (
				1C1E95251D7E8BF500C71655 /* AppDelegate.swift */,
				1C1E95271D7E8BF500C71655 /* ViewController.swift */,
				1C1E95291D7E8BF500C71655 /* Main.storyboard */,
				1C1E952C1D7E8BF500C71655 /* Assets.xcassets */,
				1C1E952E1D7E8BF500C71655 /* LaunchScreen.storyboard */,
				1C1E95311D7E8BF500C71655 /* Info.plist */,
				1C05AE2D1D7FF6BA00A80984 /* qrcodelogo.png */,
			);
			path = SYQRCodeDemoSwift;
			sourceTree = "<group>";
		};
		1CEAF6491E1F3EEE00683F00 /* SYQRCodeSwift */ = {
			isa = PBXGroup;
			children = (
				1C29FB141E2629E6007A90AE /* SYQRCodeSwift.bundle */,
				1CEAF64E1E1F3EEE00683F00 /* SYAVCaptureVideoPreviewLayer.swift */,
				1CEAF64F1E1F3EEE00683F00 /* SYDefinesHeader.swift */,
				1CEAF6501E1F3EEE00683F00 /* SYQRCodeModel.swift */,
				1CEAF6511E1F3EEE00683F00 /* SYQRCodeOverlayView.swift */,
				1CEAF6521E1F3EEE00683F00 /* SYQRCodeReader.swift */,
				1CEAF6531E1F3EEE00683F00 /* SYQRCodeUtility.swift */,
			);
			path = SYQRCodeSwift;
			sourceTree = "<group>";
		};
/* End PBXGroup section */

/* Begin PBXNativeTarget section */
		1C1E95211D7E8BF500C71655 /* SYQRCodeDemoSwift */ = {
			isa = PBXNativeTarget;
			buildConfigurationList = 1C1E95341D7E8BF500C71655 /* Build configuration list for PBXNativeTarget "SYQRCodeDemoSwift" */;
			buildPhases = (
				1C1E951E1D7E8BF500C71655 /* Sources */,
				1C1E951F1D7E8BF500C71655 /* Frameworks */,
				1C1E95201D7E8BF500C71655 /* Resources */,
			);
			buildRules = (
			);
			dependencies = (
			);
			name = SYQRCodeDemoSwift;
			productName = SYQRCodeDemoSwift;
			productReference = 1C1E95221D7E8BF500C71655 /* SYQRCodeDemoSwift.app */;
			productType = "com.apple.product-type.application";
		};
/* End PBXNativeTarget section */

/* Begin PBXProject section */
		1C1E951A1D7E8BF500C71655 /* Project object */ = {
			isa = PBXProject;
			attributes = {
				LastSwiftUpdateCheck = 0720;
				LastUpgradeCheck = 0820;
				ORGANIZATIONNAME = SY;
				TargetAttributes = {
					1C1E95211D7E8BF500C71655 = {
						CreatedOnToolsVersion = 7.2;
						DevelopmentTeam = 97UX6JDSHT;
						LastSwiftMigration = 0820;
						ProvisioningStyle = Manual;
					};
				};
			};
			buildConfigurationList = 1C1E951D1D7E8BF500C71655 /* Build configuration list for PBXProject "SYQRCodeDemoSwift" */;
			compatibilityVersion = "Xcode 3.2";
			developmentRegion = English;
			hasScannedForEncodings = 0;
			knownRegions = (
				en,
				Base,
			);
			mainGroup = 1C1E95191D7E8BF500C71655;
			productRefGroup = 1C1E95231D7E8BF500C71655 /* Products */;
			projectDirPath = "";
			projectRoot = "";
			targets = (
				1C1E95211D7E8BF500C71655 /* SYQRCodeDemoSwift */,
			);
		};
/* End PBXProject section */

/* Begin PBXResourcesBuildPhase section */
		1C1E95201D7E8BF500C71655 /* Resources */ = {
			isa = PBXResourcesBuildPhase;
			buildActionMask = 2147483647;
			files = (
				1C29FB151E2629E6007A90AE /* SYQRCodeSwift.bundle in Resources */,
				1C05AE2E1D7FF6BA00A80984 /* qrcodelogo.png in Resources */,
				1C1E95301D7E8BF500C71655 /* LaunchScreen.storyboard in Resources */,
				1C1E952D1D7E8BF500C71655 /* Assets.xcassets in Resources */,
				1C1E952B1D7E8BF500C71655 /* Main.storyboard in Resources */,
			);
			runOnlyForDeploymentPostprocessing = 0;
		};
/* End PBXResourcesBuildPhase section */

/* Begin PBXSourcesBuildPhase section */
		1C1E951E1D7E8BF500C71655 /* Sources */ = {
			isa = PBXSourcesBuildPhase;
			buildActionMask = 2147483647;
			files = (
				1C1E95281D7E8BF500C71655 /* ViewController.swift in Sources */,
				1CEAF65A1E1F3EEE00683F00 /* SYQRCodeModel.swift in Sources */,
				1CEAF6581E1F3EEE00683F00 /* SYAVCaptureVideoPreviewLayer.swift in Sources */,
				1CEAF65B1E1F3EEE00683F00 /* SYQRCodeOverlayView.swift in Sources */,
				1C1E95261D7E8BF500C71655 /* AppDelegate.swift in Sources */,
				1CEAF6591E1F3EEE00683F00 /* SYDefinesHeader.swift in Sources */,
				1CEAF65D1E1F3EEE00683F00 /* SYQRCodeUtility.swift in Sources */,
				1CEAF65C1E1F3EEE00683F00 /* SYQRCodeReader.swift in Sources */,
			);
			runOnlyForDeploymentPostprocessing = 0;
		};
/* End PBXSourcesBuildPhase section */

/* Begin PBXVariantGroup section */
		1C1E95291D7E8BF500C71655 /* Main.storyboard */ = {
			isa = PBXVariantGroup;
			children = (
				1C1E952A1D7E8BF500C71655 /* Base */,
			);
			name = Main.storyboard;
			sourceTree = "<group>";
		};
		1C1E952E1D7E8BF500C71655 /* LaunchScreen.storyboard */ = {
			isa = PBXVariantGroup;
			children = (
				1C1E952F1D7E8BF500C71655 /* Base */,
			);
			name = LaunchScreen.storyboard;
			sourceTree = "<group>";
		};
/* End PBXVariantGroup section */

/* Begin XCBuildConfiguration section */
		1C1E95321D7E8BF500C71655 /* Debug */ = {
			isa = XCBuildConfiguration;
			buildSettings = {
				ALWAYS_SEARCH_USER_PATHS = NO;
				CLANG_CXX_LANGUAGE_STANDARD = "gnu++0x";
				CLANG_CXX_LIBRARY = "libc++";
				CLANG_ENABLE_MODULES = YES;
				CLANG_ENABLE_OBJC_ARC = YES;
				CLANG_WARN_BOOL_CONVERSION = YES;
				CLANG_WARN_CONSTANT_CONVERSION = YES;
				CLANG_WARN_DIRECT_OBJC_ISA_USAGE = YES_ERROR;
				CLANG_WARN_EMPTY_BODY = YES;
				CLANG_WARN_ENUM_CONVERSION = YES;
				CLANG_WARN_INFINITE_RECURSION = YES;
				CLANG_WARN_INT_CONVERSION = YES;
				CLANG_WARN_OBJC_ROOT_CLASS = YES_ERROR;
				CLANG_WARN_SUSPICIOUS_MOVE = YES;
				CLANG_WARN_UNREACHABLE_CODE = YES;
				CLANG_WARN__DUPLICATE_METHOD_MATCH = YES;
				"CODE_SIGN_IDENTITY[sdk=iphoneos*]" = "iPhone Developer";
				COPY_PHASE_STRIP = NO;
				DEBUG_INFORMATION_FORMAT = dwarf;
				ENABLE_STRICT_OBJC_MSGSEND = YES;
				ENABLE_TESTABILITY = YES;
				GCC_C_LANGUAGE_STANDARD = gnu99;
				GCC_DYNAMIC_NO_PIC = NO;
				GCC_NO_COMMON_BLOCKS = YES;
				GCC_OPTIMIZATION_LEVEL = 0;
				GCC_PREPROCESSOR_DEFINITIONS = (
					"DEBUG=1",
					"$(inherited)",
				);
				GCC_WARN_64_TO_32_BIT_CONVERSION = YES;
				GCC_WARN_ABOUT_RETURN_TYPE = YES_ERROR;
				GCC_WARN_UNDECLARED_SELECTOR = YES;
				GCC_WARN_UNINITIALIZED_AUTOS = YES_AGGRESSIVE;
				GCC_WARN_UNUSED_FUNCTION = YES;
				GCC_WARN_UNUSED_VARIABLE = YES;
				IPHONEOS_DEPLOYMENT_TARGET = 8.0;
				MTL_ENABLE_DEBUG_INFO = YES;
				ONLY_ACTIVE_ARCH = YES;
				SDKROOT = iphoneos;
				SWIFT_OPTIMIZATION_LEVEL = "-Onone";
				TARGETED_DEVICE_FAMILY = "1,2";
			};
			name = Debug;
		};
		1C1E95331D7E8BF500C71655 /* Release */ = {
			isa = XCBuildConfiguration;
			buildSettings = {
				ALWAYS_SEARCH_USER_PATHS = NO;
				CLANG_CXX_LANGUAGE_STANDARD = "gnu++0x";
				CLANG_CXX_LIBRARY = "libc++";
				CLANG_ENABLE_MODULES = YES;
				CLANG_ENABLE_OBJC_ARC = YES;
				CLANG_WARN_BOOL_CONVERSION = YES;
				CLANG_WARN_CONSTANT_CONVERSION = YES;
				CLANG_WARN_DIRECT_OBJC_ISA_USAGE = YES_ERROR;
				CLANG_WARN_EMPTY_BODY = YES;
				CLANG_WARN_ENUM_CONVERSION = YES;
				CLANG_WARN_INFINITE_RECURSION = YES;
				CLANG_WARN_INT_CONVERSION = YES;
				CLANG_WARN_OBJC_ROOT_CLASS = YES_ERROR;
				CLANG_WARN_SUSPICIOUS_MOVE = YES;
				CLANG_WARN_UNREACHABLE_CODE = YES;
				CLANG_WARN__DUPLICATE_METHOD_MATCH = YES;
				"CODE_SIGN_IDENTITY[sdk=iphoneos*]" = "iPhone Developer";
				COPY_PHASE_STRIP = NO;
				DEBUG_INFORMATION_FORMAT = "dwarf-with-dsym";
				ENABLE_NS_ASSERTIONS = NO;
				ENABLE_STRICT_OBJC_MSGSEND = YES;
				GCC_C_LANGUAGE_STANDARD = gnu99;
				GCC_NO_COMMON_BLOCKS = YES;
				GCC_WARN_64_TO_32_BIT_CONVERSION = YES;
				GCC_WARN_ABOUT_RETURN_TYPE = YES_ERROR;
				GCC_WARN_UNDECLARED_SELECTOR = YES;
				GCC_WARN_UNINITIALIZED_AUTOS = YES_AGGRESSIVE;
				GCC_WARN_UNUSED_FUNCTION = YES;
				GCC_WARN_UNUSED_VARIABLE = YES;
				IPHONEOS_DEPLOYMENT_TARGET = 8.0;
				MTL_ENABLE_DEBUG_INFO = NO;
				SDKROOT = iphoneos;
				SWIFT_OPTIMIZATION_LEVEL = "-Owholemodule";
				TARGETED_DEVICE_FAMILY = "1,2";
				VALIDATE_PRODUCT = YES;
			};
			name = Release;
		};
		1C1E95351D7E8BF500C71655 /* Debug */ = {
			isa = XCBuildConfiguration;
			buildSettings = {
				ASSETCATALOG_COMPILER_APPICON_NAME = AppIcon;
				"CODE_SIGN_IDENTITY[sdk=iphoneos*]" = "iPhone Developer";
				DEVELOPMENT_TEAM = 97UX6JDSHT;
				ENABLE_TESTABILITY = YES;
				INFOPLIST_FILE = SYQRCodeDemoSwift/Info.plist;
				IPHONEOS_DEPLOYMENT_TARGET = 8.0;
				LD_RUNPATH_SEARCH_PATHS = "$(inherited) @executable_path/Frameworks";
				"OTHER_SWIFT_FLAGS[arch=*]" = "";
				PRODUCT_BUNDLE_IDENTIFIER = com.sy.UserCarDealer;
				PRODUCT_NAME = "$(TARGET_NAME)";
				PROVISIONING_PROFILE = "8777ce27-6a61-432f-a17f-14fe2c27c69d";
				PROVISIONING_PROFILE_SPECIFIER = UCDealer_Dev;
				SWIFT_VERSION = 3.0;
			};
			name = Debug;
		};
		1C1E95361D7E8BF500C71655 /* Release */ = {
			isa = XCBuildConfiguration;
			buildSettings = {
				ASSETCATALOG_COMPILER_APPICON_NAME = AppIcon;
				"CODE_SIGN_IDENTITY[sdk=iphoneos*]" = "iPhone Distribution";
				DEVELOPMENT_TEAM = 97UX6JDSHT;
				INFOPLIST_FILE = SYQRCodeDemoSwift/Info.plist;
				IPHONEOS_DEPLOYMENT_TARGET = 8.0;
				LD_RUNPATH_SEARCH_PATHS = "$(inherited) @executable_path/Frameworks";
				PRODUCT_BUNDLE_IDENTIFIER = com.sy.UserCarDealer;
				PRODUCT_NAME = "$(TARGET_NAME)";
				PROVISIONING_PROFILE = "f7bd207c-5d37-4e96-af34-b2ce56c7c721";
				PROVISIONING_PROFILE_SPECIFIER = "XC Ad Hoc: *";
				SWIFT_VERSION = 3.0;
			};
			name = Release;
		};
/* End XCBuildConfiguration section */

/* Begin XCConfigurationList section */
		1C1E951D1D7E8BF500C71655 /* Build configuration list for PBXProject "SYQRCodeDemoSwift" */ = {
			isa = XCConfigurationList;
			buildConfigurations = (
				1C1E95321D7E8BF500C71655 /* Debug */,
				1C1E95331D7E8BF500C71655 /* Release */,
			);
			defaultConfigurationIsVisible = 0;
			defaultConfigurationName = Release;
		};
		1C1E95341D7E8BF500C71655 /* Build configuration list for PBXNativeTarget "SYQRCodeDemoSwift" */ = {
			isa = XCConfigurationList;
			buildConfigurations = (
				1C1E95351D7E8BF500C71655 /* Debug */,
				1C1E95361D7E8BF500C71655 /* Release */,
			);
			defaultConfigurationIsVisible = 0;
			defaultConfigurationName = Release;
		};
/* End XCConfigurationList section */
	};
	rootObject = 1C1E951A1D7E8BF500C71655 /* Project object */;
}
